// !$*UTF8*$!
{
	archiveVersion = 1;
	classes = {
	};
	objectVersion = 56;
	objects = {

/* Begin PBXBuildFile section */
		F20236082A53B5F0007952F2 /* YouBikeMapApp.swift in Sources */ = {isa = PBXBuildFile; fileRef = F20236072A53B5F0007952F2 /* YouBikeMapApp.swift */; };
		F202360A2A53B5F0007952F2 /* ContentView.swift in Sources */ = {isa = PBXBuildFile; fileRef = F20236092A53B5F0007952F2 /* ContentView.swift */; };
		F202360C2A53B5F1007952F2 /* Assets.xcassets in Resources */ = {isa = PBXBuildFile; fileRef = F202360B2A53B5F1007952F2 /* Assets.xcassets */; };
		F20236102A53B5F1007952F2 /* Preview Assets.xcassets in Resources */ = {isa = PBXBuildFile; fileRef = F202360F2A53B5F1007952F2 /* Preview Assets.xcassets */; };
		F20236182A53B62D007952F2 /* APIHandler.swift in Sources */ = {isa = PBXBuildFile; fileRef = F20236172A53B62D007952F2 /* APIHandler.swift */; };
		F202361A2A53B7BB007952F2 /* APIName.swift in Sources */ = {isa = PBXBuildFile; fileRef = F20236192A53B7BB007952F2 /* APIName.swift */; };
		F202361D2A53BBED007952F2 /* JsonDecodable.swift in Sources */ = {isa = PBXBuildFile; fileRef = F202361C2A53BBED007952F2 /* JsonDecodable.swift */; };
		F20236222A53C96C007952F2 /* SwiftExtensions.xcframework in Frameworks */ = {isa = PBXBuildFile; fileRef = F20236212A53C96C007952F2 /* SwiftExtensions.xcframework */; };
		F20236232A53C96C007952F2 /* SwiftExtensions.xcframework in Embed Frameworks */ = {isa = PBXBuildFile; fileRef = F20236212A53C96C007952F2 /* SwiftExtensions.xcframework */; settings = {ATTRIBUTES = (CodeSignOnCopy, RemoveHeadersOnCopy, ); }; };
		F245060F2A67B35800B5E4D4 /* MapView.swift in Sources */ = {isa = PBXBuildFile; fileRef = F245060E2A67B35800B5E4D4 /* MapView.swift */; };
		F24506112A67D19200B5E4D4 /* YouBikeMapItemExtension.swift in Sources */ = {isa = PBXBuildFile; fileRef = F24506102A67D19200B5E4D4 /* YouBikeMapItemExtension.swift */; };
		F2EBAE082A68DFCF0035CCFE /* TrimString.swift in Sources */ = {isa = PBXBuildFile; fileRef = F2EBAE072A68DFCF0035CCFE /* TrimString.swift */; };
		F2EFC5692A53E490002136D9 /* Middleware.swift in Sources */ = {isa = PBXBuildFile; fileRef = F2EFC5682A53E490002136D9 /* Middleware.swift */; };
		F2EFC56D2A53E543002136D9 /* Store.swift in Sources */ = {isa = PBXBuildFile; fileRef = F2EFC56C2A53E543002136D9 /* Store.swift */; };
		F2EFC5702A53E7FF002136D9 /* YouBikeStore.swift in Sources */ = {isa = PBXBuildFile; fileRef = F2EFC56F2A53E7FF002136D9 /* YouBikeStore.swift */; };
		F2EFC5722A53E9AC002136D9 /* YouBikeAction.swift in Sources */ = {isa = PBXBuildFile; fileRef = F2EFC5712A53E9AC002136D9 /* YouBikeAction.swift */; };
		F2EFC5762A53FA00002136D9 /* YouBikeMapItem.swift in Sources */ = {isa = PBXBuildFile; fileRef = F2EFC5752A53FA00002136D9 /* YouBikeMapItem.swift */; };
		F2EFC5792A53FA77002136D9 /* JsonProtection in Frameworks */ = {isa = PBXBuildFile; productRef = F2EFC5782A53FA77002136D9 /* JsonProtection */; };
		F2EFC57B2A540DBC002136D9 /* APIResponse.swift in Sources */ = {isa = PBXBuildFile; fileRef = F2EFC57A2A540DBC002136D9 /* APIResponse.swift */; };
		F2EFC57D2A54F96D002136D9 /* Action.swift in Sources */ = {isa = PBXBuildFile; fileRef = F2EFC57C2A54F96D002136D9 /* Action.swift */; };
		F2EFC5852A555784002136D9 /* YouBikeListView.swift in Sources */ = {isa = PBXBuildFile; fileRef = F2EFC5842A555784002136D9 /* YouBikeListView.swift */; };
		F2EFC5872A5558C4002136D9 /* YouBikeListCell.swift in Sources */ = {isa = PBXBuildFile; fileRef = F2EFC5862A5558C4002136D9 /* YouBikeListCell.swift */; };
		F2EFC5892A5567DC002136D9 /* Line.swift in Sources */ = {isa = PBXBuildFile; fileRef = F2EFC5882A5567DC002136D9 /* Line.swift */; };
/* End PBXBuildFile section */

/* Begin PBXCopyFilesBuildPhase section */
		F20236242A53C96C007952F2 /* Embed Frameworks */ = {
			isa = PBXCopyFilesBuildPhase;
			buildActionMask = 2147483647;
			dstPath = "";
			dstSubfolderSpec = 10;
			files = (
				F20236232A53C96C007952F2 /* SwiftExtensions.xcframework in Embed Frameworks */,
			);
			name = "Embed Frameworks";
			runOnlyForDeploymentPostprocessing = 0;
		};
/* End PBXCopyFilesBuildPhase section */

/* Begin PBXFileReference section */
		F20236042A53B5F0007952F2 /* YouBikeMap.app */ = {isa = PBXFileReference; explicitFileType = wrapper.application; includeInIndex = 0; path = YouBikeMap.app; sourceTree = BUILT_PRODUCTS_DIR; };
		F20236072A53B5F0007952F2 /* YouBikeMapApp.swift */ = {isa = PBXFileReference; lastKnownFileType = sourcecode.swift; path = YouBikeMapApp.swift; sourceTree = "<group>"; };
		F20236092A53B5F0007952F2 /* ContentView.swift */ = {isa = PBXFileReference; lastKnownFileType = sourcecode.swift; path = ContentView.swift; sourceTree = "<group>"; };
		F202360B2A53B5F1007952F2 /* Assets.xcassets */ = {isa = PBXFileReference; lastKnownFileType = folder.assetcatalog; path = Assets.xcassets; sourceTree = "<group>"; };
		F202360D2A53B5F1007952F2 /* YouBikeMap.entitlements */ = {isa = PBXFileReference; lastKnownFileType = text.plist.entitlements; path = YouBikeMap.entitlements; sourceTree = "<group>"; };
		F202360F2A53B5F1007952F2 /* Preview Assets.xcassets */ = {isa = PBXFileReference; lastKnownFileType = folder.assetcatalog; path = "Preview Assets.xcassets"; sourceTree = "<group>"; };
		F20236172A53B62D007952F2 /* APIHandler.swift */ = {isa = PBXFileReference; lastKnownFileType = sourcecode.swift; path = APIHandler.swift; sourceTree = "<group>"; };
		F20236192A53B7BB007952F2 /* APIName.swift */ = {isa = PBXFileReference; lastKnownFileType = sourcecode.swift; path = APIName.swift; sourceTree = "<group>"; };
		F202361C2A53BBED007952F2 /* JsonDecodable.swift */ = {isa = PBXFileReference; lastKnownFileType = sourcecode.swift; path = JsonDecodable.swift; sourceTree = "<group>"; };
		F20236212A53C96C007952F2 /* SwiftExtensions.xcframework */ = {isa = PBXFileReference; lastKnownFileType = wrapper.xcframework; name = SwiftExtensions.xcframework; path = Framework/SwiftExtensions.xcframework; sourceTree = "<group>"; };
		F245060E2A67B35800B5E4D4 /* MapView.swift */ = {isa = PBXFileReference; lastKnownFileType = sourcecode.swift; path = MapView.swift; sourceTree = "<group>"; };
		F24506102A67D19200B5E4D4 /* YouBikeMapItemExtension.swift */ = {isa = PBXFileReference; lastKnownFileType = sourcecode.swift; path = YouBikeMapItemExtension.swift; sourceTree = "<group>"; };
		F2EBAE072A68DFCF0035CCFE /* TrimString.swift */ = {isa = PBXFileReference; fileEncoding = 4; lastKnownFileType = sourcecode.swift; path = TrimString.swift; sourceTree = "<group>"; };
		F2EFC5682A53E490002136D9 /* Middleware.swift */ = {isa = PBXFileReference; fileEncoding = 4; lastKnownFileType = sourcecode.swift; path = Middleware.swift; sourceTree = "<group>"; };
		F2EFC56C2A53E543002136D9 /* Store.swift */ = {isa = PBXFileReference; lastKnownFileType = sourcecode.swift; path = Store.swift; sourceTree = "<group>"; };
		F2EFC56F2A53E7FF002136D9 /* YouBikeStore.swift */ = {isa = PBXFileReference; lastKnownFileType = sourcecode.swift; path = YouBikeStore.swift; sourceTree = "<group>"; };
		F2EFC5712A53E9AC002136D9 /* YouBikeAction.swift */ = {isa = PBXFileReference; lastKnownFileType = sourcecode.swift; path = YouBikeAction.swift; sourceTree = "<group>"; };
		F2EFC5752A53FA00002136D9 /* YouBikeMapItem.swift */ = {isa = PBXFileReference; lastKnownFileType = sourcecode.swift; path = YouBikeMapItem.swift; sourceTree = "<group>"; };
		F2EFC57A2A540DBC002136D9 /* APIResponse.swift */ = {isa = PBXFileReference; lastKnownFileType = sourcecode.swift; path = APIResponse.swift; sourceTree = "<group>"; };
		F2EFC57C2A54F96D002136D9 /* Action.swift */ = {isa = PBXFileReference; lastKnownFileType = sourcecode.swift; path = Action.swift; sourceTree = "<group>"; };
		F2EFC5842A555784002136D9 /* YouBikeListView.swift */ = {isa = PBXFileReference; lastKnownFileType = sourcecode.swift; path = YouBikeListView.swift; sourceTree = "<group>"; };
		F2EFC5862A5558C4002136D9 /* YouBikeListCell.swift */ = {isa = PBXFileReference; lastKnownFileType = sourcecode.swift; path = YouBikeListCell.swift; sourceTree = "<group>"; };
		F2EFC5882A5567DC002136D9 /* Line.swift */ = {isa = PBXFileReference; fileEncoding = 4; lastKnownFileType = sourcecode.swift; path = Line.swift; sourceTree = "<group>"; };
/* End PBXFileReference section */

/* Begin PBXFrameworksBuildPhase section */
		F20236012A53B5F0007952F2 /* Frameworks */ = {
			isa = PBXFrameworksBuildPhase;
			buildActionMask = 2147483647;
			files = (
				F20236222A53C96C007952F2 /* SwiftExtensions.xcframework in Frameworks */,
				F2EFC5792A53FA77002136D9 /* JsonProtection in Frameworks */,
			);
			runOnlyForDeploymentPostprocessing = 0;
		};
/* End PBXFrameworksBuildPhase section */

/* Begin PBXGroup section */
		F20235FB2A53B5F0007952F2 = {
			isa = PBXGroup;
			children = (
				F20236062A53B5F0007952F2 /* YouBikeMap */,
				F20236052A53B5F0007952F2 /* Products */,
				F20236202A53C96C007952F2 /* Frameworks */,
			);
			sourceTree = "<group>";
		};
		F20236052A53B5F0007952F2 /* Products */ = {
			isa = PBXGroup;
			children = (
				F20236042A53B5F0007952F2 /* YouBikeMap.app */,
			);
			name = Products;
			sourceTree = "<group>";
		};
		F20236062A53B5F0007952F2 /* YouBikeMap */ = {
			isa = PBXGroup;
			children = (
				F2EBAE042A68CF060035CCFE /* Property Wrapper */,
				F2EFC58A2A5567E2002136D9 /* Views */,
				F2EFC56E2A53E7C9002136D9 /* Redux */,
				F20236252A53CBD8007952F2 /* ViewModels */,
				F202361B2A53BBCE007952F2 /* Protocols */,
				F20236162A53B61D007952F2 /* Models */,
				F20236072A53B5F0007952F2 /* YouBikeMapApp.swift */,
				F20236092A53B5F0007952F2 /* ContentView.swift */,
				F2EFC5842A555784002136D9 /* YouBikeListView.swift */,
				F2EFC5862A5558C4002136D9 /* YouBikeListCell.swift */,
				F245060E2A67B35800B5E4D4 /* MapView.swift */,
				F202360B2A53B5F1007952F2 /* Assets.xcassets */,
				F202360D2A53B5F1007952F2 /* YouBikeMap.entitlements */,
				F202360E2A53B5F1007952F2 /* Preview Content */,
			);
			path = YouBikeMap;
			sourceTree = "<group>";
		};
		F202360E2A53B5F1007952F2 /* Preview Content */ = {
			isa = PBXGroup;
			children = (
				F202360F2A53B5F1007952F2 /* Preview Assets.xcassets */,
			);
			path = "Preview Content";
			sourceTree = "<group>";
		};
		F20236162A53B61D007952F2 /* Models */ = {
			isa = PBXGroup;
			children = (
				F20236172A53B62D007952F2 /* APIHandler.swift */,
				F20236192A53B7BB007952F2 /* APIName.swift */,
				F2EFC57A2A540DBC002136D9 /* APIResponse.swift */,
				F2EFC5752A53FA00002136D9 /* YouBikeMapItem.swift */,
				F24506102A67D19200B5E4D4 /* YouBikeMapItemExtension.swift */,
			);
			path = Models;
			sourceTree = "<group>";
		};
		F202361B2A53BBCE007952F2 /* Protocols */ = {
			isa = PBXGroup;
			children = (
				F202361C2A53BBED007952F2 /* JsonDecodable.swift */,
			);
			path = Protocols;
			sourceTree = "<group>";
		};
		F20236202A53C96C007952F2 /* Frameworks */ = {
			isa = PBXGroup;
			children = (
				F20236212A53C96C007952F2 /* SwiftExtensions.xcframework */,
			);
			name = Frameworks;
			sourceTree = "<group>";
		};
		F20236252A53CBD8007952F2 /* ViewModels */ = {
			isa = PBXGroup;
			children = (
				F2EFC56F2A53E7FF002136D9 /* YouBikeStore.swift */,
				F2EFC5712A53E9AC002136D9 /* YouBikeAction.swift */,
			);
			path = ViewModels;
			sourceTree = "<group>";
		};
		F2EBAE042A68CF060035CCFE /* Property Wrapper */ = {
			isa = PBXGroup;
			children = (
				F2EBAE072A68DFCF0035CCFE /* TrimString.swift */,
			);
			path = "Property Wrapper";
			sourceTree = "<group>";
		};
		F2EFC56E2A53E7C9002136D9 /* Redux */ = {
			isa = PBXGroup;
			children = (
				F2EFC5682A53E490002136D9 /* Middleware.swift */,
				F2EFC56C2A53E543002136D9 /* Store.swift */,
				F2EFC57C2A54F96D002136D9 /* Action.swift */,
			);
			path = Redux;
			sourceTree = "<group>";
		};
		F2EFC58A2A5567E2002136D9 /* Views */ = {
			isa = PBXGroup;
			children = (
				F2EFC5882A5567DC002136D9 /* Line.swift */,
			);
			path = Views;
			sourceTree = "<group>";
		};
/* End PBXGroup section */

/* Begin PBXNativeTarget section */
		F20236032A53B5F0007952F2 /* YouBikeMap */ = {
			isa = PBXNativeTarget;
			buildConfigurationList = F20236132A53B5F1007952F2 /* Build configuration list for PBXNativeTarget "YouBikeMap" */;
			buildPhases = (
				F20236002A53B5F0007952F2 /* Sources */,
				F20236012A53B5F0007952F2 /* Frameworks */,
				F20236022A53B5F0007952F2 /* Resources */,
				F20236242A53C96C007952F2 /* Embed Frameworks */,
			);
			buildRules = (
			);
			dependencies = (
			);
			name = YouBikeMap;
			packageProductDependencies = (
				F2EFC5782A53FA77002136D9 /* JsonProtection */,
			);
			productName = YouBikeMap;
			productReference = F20236042A53B5F0007952F2 /* YouBikeMap.app */;
			productType = "com.apple.product-type.application";
		};
/* End PBXNativeTarget section */

/* Begin PBXProject section */
		F20235FC2A53B5F0007952F2 /* Project object */ = {
			isa = PBXProject;
			attributes = {
				BuildIndependentTargetsInParallel = 1;
				LastSwiftUpdateCheck = 1430;
				LastUpgradeCheck = 1430;
				TargetAttributes = {
					F20236032A53B5F0007952F2 = {
						CreatedOnToolsVersion = 14.3.1;
					};
				};
			};
			buildConfigurationList = F20235FF2A53B5F0007952F2 /* Build configuration list for PBXProject "YouBikeMap" */;
			compatibilityVersion = "Xcode 14.0";
			developmentRegion = en;
			hasScannedForEncodings = 0;
			knownRegions = (
				en,
				Base,
			);
			mainGroup = F20235FB2A53B5F0007952F2;
			packageReferences = (
				F2EFC5772A53FA77002136D9 /* XCRemoteSwiftPackageReference "JsonProtection" */,
			);
			productRefGroup = F20236052A53B5F0007952F2 /* Products */;
			projectDirPath = "";
			projectRoot = "";
			targets = (
				F20236032A53B5F0007952F2 /* YouBikeMap */,
			);
		};
/* End PBXProject section */

/* Begin PBXResourcesBuildPhase section */
		F20236022A53B5F0007952F2 /* Resources */ = {
			isa = PBXResourcesBuildPhase;
			buildActionMask = 2147483647;
			files = (
				F20236102A53B5F1007952F2 /* Preview Assets.xcassets in Resources */,
				F202360C2A53B5F1007952F2 /* Assets.xcassets in Resources */,
			);
			runOnlyForDeploymentPostprocessing = 0;
		};
/* End PBXResourcesBuildPhase section */

/* Begin PBXSourcesBuildPhase section */
		F20236002A53B5F0007952F2 /* Sources */ = {
			isa = PBXSourcesBuildPhase;
			buildActionMask = 2147483647;
			files = (
				F2EFC5872A5558C4002136D9 /* YouBikeListCell.swift in Sources */,
				F245060F2A67B35800B5E4D4 /* MapView.swift in Sources */,
				F2EFC57D2A54F96D002136D9 /* Action.swift in Sources */,
				F2EFC56D2A53E543002136D9 /* Store.swift in Sources */,
				F2EFC5852A555784002136D9 /* YouBikeListView.swift in Sources */,
				F20236182A53B62D007952F2 /* APIHandler.swift in Sources */,
				F24506112A67D19200B5E4D4 /* YouBikeMapItemExtension.swift in Sources */,
				F2EFC5702A53E7FF002136D9 /* YouBikeStore.swift in Sources */,
				F202360A2A53B5F0007952F2 /* ContentView.swift in Sources */,
				F2EFC57B2A540DBC002136D9 /* APIResponse.swift in Sources */,
				F20236082A53B5F0007952F2 /* YouBikeMapApp.swift in Sources */,
				F2EFC5692A53E490002136D9 /* Middleware.swift in Sources */,
				F2EFC5762A53FA00002136D9 /* YouBikeMapItem.swift in Sources */,
				F2EFC5722A53E9AC002136D9 /* YouBikeAction.swift in Sources */,
				F2EFC5892A5567DC002136D9 /* Line.swift in Sources */,
				F202361D2A53BBED007952F2 /* JsonDecodable.swift in Sources */,
				F2EBAE082A68DFCF0035CCFE /* TrimString.swift in Sources */,
				F202361A2A53B7BB007952F2 /* APIName.swift in Sources */,
			);
			runOnlyForDeploymentPostprocessing = 0;
		};
/* End PBXSourcesBuildPhase section */

/* Begin XCBuildConfiguration section */
		F20236112A53B5F1007952F2 /* Debug */ = {
			isa = XCBuildConfiguration;
			buildSettings = {
				ALWAYS_SEARCH_USER_PATHS = NO;
				CLANG_ANALYZER_NONNULL = YES;
				CLANG_ANALYZER_NUMBER_OBJECT_CONVERSION = YES_AGGRESSIVE;
				CLANG_CXX_LANGUAGE_STANDARD = "gnu++20";
				CLANG_ENABLE_MODULES = YES;
				CLANG_ENABLE_OBJC_ARC = YES;
				CLANG_ENABLE_OBJC_WEAK = YES;
				CLANG_WARN_BLOCK_CAPTURE_AUTORELEASING = YES;
				CLANG_WARN_BOOL_CONVERSION = YES;
				CLANG_WARN_COMMA = YES;
				CLANG_WARN_CONSTANT_CONVERSION = YES;
				CLANG_WARN_DEPRECATED_OBJC_IMPLEMENTATIONS = YES;
				CLANG_WARN_DIRECT_OBJC_ISA_USAGE = YES_ERROR;
				CLANG_WARN_DOCUMENTATION_COMMENTS = YES;
				CLANG_WARN_EMPTY_BODY = YES;
				CLANG_WARN_ENUM_CONVERSION = YES;
				CLANG_WARN_INFINITE_RECURSION = YES;
				CLANG_WARN_INT_CONVERSION = YES;
				CLANG_WARN_NON_LITERAL_NULL_CONVERSION = YES;
				CLANG_WARN_OBJC_IMPLICIT_RETAIN_SELF = YES;
				CLANG_WARN_OBJC_LITERAL_CONVERSION = YES;
				CLANG_WARN_OBJC_ROOT_CLASS = YES_ERROR;
				CLANG_WARN_QUOTED_INCLUDE_IN_FRAMEWORK_HEADER = YES;
				CLANG_WARN_RANGE_LOOP_ANALYSIS = YES;
				CLANG_WARN_STRICT_PROTOTYPES = YES;
				CLANG_WARN_SUSPICIOUS_MOVE = YES;
				CLANG_WARN_UNGUARDED_AVAILABILITY = YES_AGGRESSIVE;
				CLANG_WARN_UNREACHABLE_CODE = YES;
				CLANG_WARN__DUPLICATE_METHOD_MATCH = YES;
				COPY_PHASE_STRIP = NO;
				DEBUG_INFORMATION_FORMAT = dwarf;
				ENABLE_STRICT_OBJC_MSGSEND = YES;
				ENABLE_TESTABILITY = YES;
				GCC_C_LANGUAGE_STANDARD = gnu11;
				GCC_DYNAMIC_NO_PIC = NO;
				GCC_NO_COMMON_BLOCKS = YES;
				GCC_OPTIMIZATION_LEVEL = 0;
				GCC_PREPROCESSOR_DEFINITIONS = (
					"DEBUG=1",
					"$(inherited)",
				);
				GCC_WARN_64_TO_32_BIT_CONVERSION = YES;
				GCC_WARN_ABOUT_RETURN_TYPE = YES_ERROR;
				GCC_WARN_UNDECLARED_SELECTOR = YES;
				GCC_WARN_UNINITIALIZED_AUTOS = YES_AGGRESSIVE;
				GCC_WARN_UNUSED_FUNCTION = YES;
				GCC_WARN_UNUSED_VARIABLE = YES;
				MTL_ENABLE_DEBUG_INFO = INCLUDE_SOURCE;
				MTL_FAST_MATH = YES;
				ONLY_ACTIVE_ARCH = YES;
				SWIFT_ACTIVE_COMPILATION_CONDITIONS = DEBUG;
				SWIFT_OPTIMIZATION_LEVEL = "-Onone";
			};
			name = Debug;
		};
		F20236122A53B5F1007952F2 /* Release */ = {
			isa = XCBuildConfiguration;
			buildSettings = {
				ALWAYS_SEARCH_USER_PATHS = NO;
				CLANG_ANALYZER_NONNULL = YES;
				CLANG_ANALYZER_NUMBER_OBJECT_CONVERSION = YES_AGGRESSIVE;
				CLANG_CXX_LANGUAGE_STANDARD = "gnu++20";
				CLANG_ENABLE_MODULES = YES;
				CLANG_ENABLE_OBJC_ARC = YES;
				CLANG_ENABLE_OBJC_WEAK = YES;
				CLANG_WARN_BLOCK_CAPTURE_AUTORELEASING = YES;
				CLANG_WARN_BOOL_CONVERSION = YES;
				CLANG_WARN_COMMA = YES;
				CLANG_WARN_CONSTANT_CONVERSION = YES;
				CLANG_WARN_DEPRECATED_OBJC_IMPLEMENTATIONS = YES;
				CLANG_WARN_DIRECT_OBJC_ISA_USAGE = YES_ERROR;
				CLANG_WARN_DOCUMENTATION_COMMENTS = YES;
				CLANG_WARN_EMPTY_BODY = YES;
				CLANG_WARN_ENUM_CONVERSION = YES;
				CLANG_WARN_INFINITE_RECURSION = YES;
				CLANG_WARN_INT_CONVERSION = YES;
				CLANG_WARN_NON_LITERAL_NULL_CONVERSION = YES;
				CLANG_WARN_OBJC_IMPLICIT_RETAIN_SELF = YES;
				CLANG_WARN_OBJC_LITERAL_CONVERSION = YES;
				CLANG_WARN_OBJC_ROOT_CLASS = YES_ERROR;
				CLANG_WARN_QUOTED_INCLUDE_IN_FRAMEWORK_HEADER = YES;
				CLANG_WARN_RANGE_LOOP_ANALYSIS = YES;
				CLANG_WARN_STRICT_PROTOTYPES = YES;
				CLANG_WARN_SUSPICIOUS_MOVE = YES;
				CLANG_WARN_UNGUARDED_AVAILABILITY = YES_AGGRESSIVE;
				CLANG_WARN_UNREACHABLE_CODE = YES;
				CLANG_WARN__DUPLICATE_METHOD_MATCH = YES;
				COPY_PHASE_STRIP = NO;
				DEBUG_INFORMATION_FORMAT = "dwarf-with-dsym";
				ENABLE_NS_ASSERTIONS = NO;
				ENABLE_STRICT_OBJC_MSGSEND = YES;
				GCC_C_LANGUAGE_STANDARD = gnu11;
				GCC_NO_COMMON_BLOCKS = YES;
				GCC_WARN_64_TO_32_BIT_CONVERSION = YES;
				GCC_WARN_ABOUT_RETURN_TYPE = YES_ERROR;
				GCC_WARN_UNDECLARED_SELECTOR = YES;
				GCC_WARN_UNINITIALIZED_AUTOS = YES_AGGRESSIVE;
				GCC_WARN_UNUSED_FUNCTION = YES;
				GCC_WARN_UNUSED_VARIABLE = YES;
				MTL_ENABLE_DEBUG_INFO = NO;
				MTL_FAST_MATH = YES;
				SWIFT_COMPILATION_MODE = wholemodule;
				SWIFT_OPTIMIZATION_LEVEL = "-O";
			};
			name = Release;
		};
		F20236142A53B5F1007952F2 /* Debug */ = {
			isa = XCBuildConfiguration;
			buildSettings = {
				ASSETCATALOG_COMPILER_APPICON_NAME = AppIcon;
				ASSETCATALOG_COMPILER_GLOBAL_ACCENT_COLOR_NAME = AccentColor;
				CODE_SIGN_ENTITLEMENTS = YouBikeMap/YouBikeMap.entitlements;
				CODE_SIGN_STYLE = Manual;
				CURRENT_PROJECT_VERSION = 1;
				DEVELOPMENT_ASSET_PATHS = "\"YouBikeMap/Preview Content\"";
				DEVELOPMENT_TEAM = "";
				"DEVELOPMENT_TEAM[sdk=iphoneos*]" = L984BAK3A8;
				ENABLE_PREVIEWS = YES;
				GENERATE_INFOPLIST_FILE = YES;
				"INFOPLIST_KEY_UIApplicationSceneManifest_Generation[sdk=iphoneos*]" = YES;
				"INFOPLIST_KEY_UIApplicationSceneManifest_Generation[sdk=iphonesimulator*]" = YES;
				"INFOPLIST_KEY_UIApplicationSupportsIndirectInputEvents[sdk=iphoneos*]" = YES;
				"INFOPLIST_KEY_UIApplicationSupportsIndirectInputEvents[sdk=iphonesimulator*]" = YES;
				"INFOPLIST_KEY_UILaunchScreen_Generation[sdk=iphoneos*]" = YES;
				"INFOPLIST_KEY_UILaunchScreen_Generation[sdk=iphonesimulator*]" = YES;
				"INFOPLIST_KEY_UIStatusBarStyle[sdk=iphoneos*]" = UIStatusBarStyleDefault;
				"INFOPLIST_KEY_UIStatusBarStyle[sdk=iphonesimulator*]" = UIStatusBarStyleDefault;
				INFOPLIST_KEY_UISupportedInterfaceOrientations_iPad = "UIInterfaceOrientationPortrait UIInterfaceOrientationPortraitUpsideDown UIInterfaceOrientationLandscapeLeft UIInterfaceOrientationLandscapeRight";
				INFOPLIST_KEY_UISupportedInterfaceOrientations_iPhone = "UIInterfaceOrientationPortrait UIInterfaceOrientationLandscapeLeft UIInterfaceOrientationLandscapeRight";
				IPHONEOS_DEPLOYMENT_TARGET = 16.0;
				LD_RUNPATH_SEARCH_PATHS = "@executable_path/Frameworks";
				"LD_RUNPATH_SEARCH_PATHS[sdk=macosx*]" = "@executable_path/../Frameworks";
				MACOSX_DEPLOYMENT_TARGET = 13.2;
				MARKETING_VERSION = 1.0;
				PRODUCT_BUNDLE_IDENTIFIER = com.personal.YouBikeMap;
				PRODUCT_NAME = "$(TARGET_NAME)";
				PROVISIONING_PROFILE_SPECIFIER = "";
				"PROVISIONING_PROFILE_SPECIFIER[sdk=iphoneos*]" = any.dev;
				SDKROOT = auto;
				SUPPORTED_PLATFORMS = "iphoneos iphonesimulator macosx";
				SWIFT_EMIT_LOC_STRINGS = YES;
				SWIFT_VERSION = 5.0;
				TARGETED_DEVICE_FAMILY = "1,2";
			};
			name = Debug;
		};
		F20236152A53B5F1007952F2 /* Release */ = {
			isa = XCBuildConfiguration;
			buildSettings = {
				ASSETCATALOG_COMPILER_APPICON_NAME = AppIcon;
				ASSETCATALOG_COMPILER_GLOBAL_ACCENT_COLOR_NAME = AccentColor;
				CODE_SIGN_ENTITLEMENTS = YouBikeMap/YouBikeMap.entitlements;
				CODE_SIGN_STYLE = Manual;
				CURRENT_PROJECT_VERSION = 1;
				DEVELOPMENT_ASSET_PATHS = "\"YouBikeMap/Preview Content\"";
				DEVELOPMENT_TEAM = "";
				"DEVELOPMENT_TEAM[sdk=iphoneos*]" = L984BAK3A8;
				ENABLE_PREVIEWS = YES;
				GENERATE_INFOPLIST_FILE = YES;
				"INFOPLIST_KEY_UIApplicationSceneManifest_Generation[sdk=iphoneos*]" = YES;
				"INFOPLIST_KEY_UIApplicationSceneManifest_Generation[sdk=iphonesimulator*]" = YES;
				"INFOPLIST_KEY_UIApplicationSupportsIndirectInputEvents[sdk=iphoneos*]" = YES;
				"INFOPLIST_KEY_UIApplicationSupportsIndirectInputEvents[sdk=iphonesimulator*]" = YES;
				"INFOPLIST_KEY_UILaunchScreen_Generation[sdk=iphoneos*]" = YES;
				"INFOPLIST_KEY_UILaunchScreen_Generation[sdk=iphonesimulator*]" = YES;
				"INFOPLIST_KEY_UIStatusBarStyle[sdk=iphoneos*]" = UIStatusBarStyleDefault;
				"INFOPLIST_KEY_UIStatusBarStyle[sdk=iphonesimulator*]" = UIStatusBarStyleDefault;
				INFOPLIST_KEY_UISupportedInterfaceOrientations_iPad = "UIInterfaceOrientationPortrait UIInterfaceOrientationPortraitUpsideDown UIInterfaceOrientationLandscapeLeft UIInterfaceOrientationLandscapeRight";
				INFOPLIST_KEY_UISupportedInterfaceOrientations_iPhone = "UIInterfaceOrientationPortrait UIInterfaceOrientationLandscapeLeft UIInterfaceOrientationLandscapeRight";
				IPHONEOS_DEPLOYMENT_TARGET = 16.0;
				LD_RUNPATH_SEARCH_PATHS = "@executable_path/Frameworks";
				"LD_RUNPATH_SEARCH_PATHS[sdk=macosx*]" = "@executable_path/../Frameworks";
				MACOSX_DEPLOYMENT_TARGET = 13.2;
				MARKETING_VERSION = 1.0;
				PRODUCT_BUNDLE_IDENTIFIER = com.personal.YouBikeMap;
				PRODUCT_NAME = "$(TARGET_NAME)";
				PROVISIONING_PROFILE_SPECIFIER = "";
				"PROVISIONING_PROFILE_SPECIFIER[sdk=iphoneos*]" = any.dev;
				SDKROOT = auto;
				SUPPORTED_PLATFORMS = "iphoneos iphonesimulator macosx";
				SWIFT_EMIT_LOC_STRINGS = YES;
				SWIFT_VERSION = 5.0;
				TARGETED_DEVICE_FAMILY = "1,2";
			};
			name = Release;
		};
/* End XCBuildConfiguration section */

/* Begin XCConfigurationList section */
		F20235FF2A53B5F0007952F2 /* Build configuration list for PBXProject "YouBikeMap" */ = {
			isa = XCConfigurationList;
			buildConfigurations = (
				F20236112A53B5F1007952F2 /* Debug */,
				F20236122A53B5F1007952F2 /* Release */,
			);
			defaultConfigurationIsVisible = 0;
			defaultConfigurationName = Release;
		};
		F20236132A53B5F1007952F2 /* Build configuration list for PBXNativeTarget "YouBikeMap" */ = {
			isa = XCConfigurationList;
			buildConfigurations = (
				F20236142A53B5F1007952F2 /* Debug */,
				F20236152A53B5F1007952F2 /* Release */,
			);
			defaultConfigurationIsVisible = 0;
			defaultConfigurationName = Release;
		};
/* End XCConfigurationList section */

/* Begin XCRemoteSwiftPackageReference section */
		F2EFC5772A53FA77002136D9 /* XCRemoteSwiftPackageReference "JsonProtection" */ = {
			isa = XCRemoteSwiftPackageReference;
			repositoryURL = "https://github.com/Darktt/JsonProtection";
			requirement = {
				kind = upToNextMajorVersion;
				minimumVersion = 1.0.0;
			};
		};
/* End XCRemoteSwiftPackageReference section */

/* Begin XCSwiftPackageProductDependency section */
		F2EFC5782A53FA77002136D9 /* JsonProtection */ = {
			isa = XCSwiftPackageProductDependency;
			package = F2EFC5772A53FA77002136D9 /* XCRemoteSwiftPackageReference "JsonProtection" */;
			productName = JsonProtection;
		};
/* End XCSwiftPackageProductDependency section */
	};
	rootObject = F20235FC2A53B5F0007952F2 /* Project object */;
}
