{
  "originHash" : "7bc98f8fc0c282f9eae57bde05ff408b4996caea25a50c7658ee335885fc60cc",
  "pins" : [
    {
      "identity" : "jsonprotection",
      "kind" : "remoteSourceControl",
      "location" : "https://github.com/Darktt/JsonProtection",
      "state" : {
        "revision" : "3d93d778287476536a84dca689681bfe283d4a7b",
        "version" : "1.0.0"
      }
    }
  ],
  "version" : 3
}
